
Microsoft Visual Studio Solution File, Format Version 12.00
# Visual Studio 2013
VisualStudioVersion = 12.0.30324.0
MinimumVisualStudioVersion = 10.0.40219.1
Project("{FAE04EC0-301F-11D3-BF4B-00C04F79EFBC}") = "TestdrivenJavaScript", "TestdrivenJavaScript\TestdrivenJavaScript.csproj", "{7200D9C5-A93F-40D9-8278-EE3BD2E0D1A7}"
EndProject
Project("{FAE04EC0-301F-11D3-BF4B-00C04F79EFBC}") = "TestdrivenJavaScript.Tests", "TestdrivenJavaScript.Tests\TestdrivenJavaScript.Tests.csproj", "{60693C97-6E6E-4D6B-8777-55CAF1F5BC52}"
EndProject
Global
	GlobalSection(SolutionConfigurationPlatforms) = preSolution
		Debug|Any CPU = Debug|Any CPU
		Release|Any CPU = Release|Any CPU
	EndGlobalSection
	GlobalSection(ProjectConfigurationPlatforms) = postSolution
		{7200D9C5-A93F-40D9-8278-EE3BD2E0D1A7}.Debug|Any CPU.ActiveCfg = Debug|Any CPU
		{7200D9C5-A93F-40D9-8278-EE3BD2E0D1A7}.Debug|Any CPU.Build.0 = Debug|Any CPU
		{7200D9C5-A93F-40D9-8278-EE3BD2E0D1A7}.Release|Any CPU.ActiveCfg = Release|Any CPU
		{7200D9C5-A93F-40D9-8278-EE3BD2E0D1A7}.Release|Any CPU.Build.0 = Release|Any CPU
		{60693C97-6E6E-4D6B-8777-55CAF1F5BC52}.Debug|Any CPU.ActiveCfg = Debug|Any CPU
		{60693C97-6E6E-4D6B-8777-55CAF1F5BC52}.Debug|Any CPU.Build.0 = Debug|Any CPU
		{60693C97-6E6E-4D6B-8777-55CAF1F5BC52}.Release|Any CPU.ActiveCfg = Release|Any CPU
		{60693C97-6E6E-4D6B-8777-55CAF1F5BC52}.Release|Any CPU.Build.0 = Release|Any CPU
	EndGlobalSection
	GlobalSection(SolutionProperties) = preSolution
		HideSolutionNode = FALSE
	EndGlobalSection
EndGlobal
